
Microsoft Visual Studio Solution File, Format Version 12.00
# Visual Studio Version 17
VisualStudioVersion = 17.1.32210.238
MinimumVisualStudioVersion = 10.0.40219.1
Project("{8BC9CEB8-8B4A-11D0-8D11-00A0C91BC942}") = "00.0 Pointer 2 Struct", "00.0 Pointer 2 Struct\00.0 Pointer 2 Struct.vcxproj", "{CC95D763-42D0-45A1-BF75-8E18CDB2BED1}"
EndProject
Global
	GlobalSection(SolutionConfigurationPlatforms) = preSolution
		Debug|x64 = Debug|x64
		Debug|x86 = Debug|x86
		Release|x64 = Release|x64
		Release|x86 = Release|x86
	EndGlobalSection
	GlobalSection(ProjectConfigurationPlatforms) = postSolution
		{CC95D763-42D0-45A1-BF75-8E18CDB2BED1}.Debug|x64.ActiveCfg = Debug|x64
		{CC95D763-42D0-45A1-BF75-8E18CDB2BED1}.Debug|x64.Build.0 = Debug|x64
		{CC95D763-42D0-45A1-BF75-8E18CDB2BED1}.Debug|x86.ActiveCfg = Debug|Win32
		{CC95D763-42D0-45A1-BF75-8E18CDB2BED1}.Debug|x86.Build.0 = Debug|Win32
		{CC95D763-42D0-45A1-BF75-8E18CDB2BED1}.Release|x64.ActiveCfg = Release|x64
		{CC95D763-42D0-45A1-BF75-8E18CDB2BED1}.Release|x64.Build.0 = Release|x64
		{CC95D763-42D0-45A1-BF75-8E18CDB2BED1}.Release|x86.ActiveCfg = Release|Win32
		{CC95D763-42D0-45A1-BF75-8E18CDB2BED1}.Release|x86.Build.0 = Release|Win32
	EndGlobalSection
	GlobalSection(SolutionProperties) = preSolution
		HideSolutionNode = FALSE
	EndGlobalSection
	GlobalSection(ExtensibilityGlobals) = postSolution
		SolutionGuid = {A0648B4E-DA16-4270-9EDD-A248F6324FC0}
	EndGlobalSection
EndGlobal
